// !$*UTF8*$!
{
	archiveVersion = 1;
	classes = {
	};
	objectVersion = 46;
	objects = {

/* Begin PBXBuildFile section */
		CF22038C1CA8A58C00A1E238 /* HomeViewController.swift in Sources */ = {isa = PBXBuildFile; fileRef = CF22038B1CA8A58C00A1E238 /* HomeViewController.swift */; };
		CF22038E1CA8A6A000A1E238 /* LoginViewController.swift in Sources */ = {isa = PBXBuildFile; fileRef = CF22038D1CA8A6A000A1E238 /* LoginViewController.swift */; };
		CF2203901CA8A71F00A1E238 /* ImageSelectViewController.swift in Sources */ = {isa = PBXBuildFile; fileRef = CF22038F1CA8A71F00A1E238 /* ImageSelectViewController.swift */; };
		CF2203921CA8A76300A1E238 /* PostViewController.swift in Sources */ = {isa = PBXBuildFile; fileRef = CF2203911CA8A76300A1E238 /* PostViewController.swift */; };
		CF2203941CA8A7AD00A1E238 /* SettingViewController.swift in Sources */ = {isa = PBXBuildFile; fileRef = CF2203931CA8A7AD00A1E238 /* SettingViewController.swift */; };
		CF48A3EB1CA94D1B008A7E5A /* AdobeCreativeSDKCore.framework in Frameworks */ = {isa = PBXBuildFile; fileRef = CF48A3E91CA94D1B008A7E5A /* AdobeCreativeSDKCore.framework */; };
		CF48A3EC1CA94D1B008A7E5A /* AdobeCreativeSDKImage.framework in Frameworks */ = {isa = PBXBuildFile; fileRef = CF48A3EA1CA94D1B008A7E5A /* AdobeCreativeSDKImage.framework */; };
		CF48A3EE1CA94E8E008A7E5A /* AdobeCreativeSDKCoreResources.bundle in Resources */ = {isa = PBXBuildFile; fileRef = CF48A3ED1CA94E8E008A7E5A /* AdobeCreativeSDKCoreResources.bundle */; };
		CF48A3F01CA94EC3008A7E5A /* AdobeCreativeSDKImageResources.bundle in Resources */ = {isa = PBXBuildFile; fileRef = CF48A3EF1CA94EC3008A7E5A /* AdobeCreativeSDKImageResources.bundle */; };
		CF48A3F41CA9504A008A7E5A /* libz.tbd in Frameworks */ = {isa = PBXBuildFile; fileRef = CF48A3F31CA9504A008A7E5A /* libz.tbd */; };
		CF48A3F61CA95066008A7E5A /* libz.1.2.5.tbd in Frameworks */ = {isa = PBXBuildFile; fileRef = CF48A3F51CA95066008A7E5A /* libz.1.2.5.tbd */; };
		CF48A3F81CA95091008A7E5A /* libsqlite3.0.tbd in Frameworks */ = {isa = PBXBuildFile; fileRef = CF48A3F71CA95091008A7E5A /* libsqlite3.0.tbd */; };
		CF48A3FA1CA950AE008A7E5A /* MobileCoreServices.framework in Frameworks */ = {isa = PBXBuildFile; fileRef = CF48A3F91CA950AE008A7E5A /* MobileCoreServices.framework */; };
		CF48A3FC1CA950BF008A7E5A /* SystemConfiguration.framework in Frameworks */ = {isa = PBXBuildFile; fileRef = CF48A3FB1CA950BF008A7E5A /* SystemConfiguration.framework */; };
		CF48A3FE1CA950D1008A7E5A /* Accelerate.framework in Frameworks */ = {isa = PBXBuildFile; fileRef = CF48A3FD1CA950D1008A7E5A /* Accelerate.framework */; };
		CF48A4001CA950E0008A7E5A /* CoreData.framework in Frameworks */ = {isa = PBXBuildFile; fileRef = CF48A3FF1CA950E0008A7E5A /* CoreData.framework */; };
		CF48A4021CA950F3008A7E5A /* MessageUI.framework in Frameworks */ = {isa = PBXBuildFile; fileRef = CF48A4011CA950F3008A7E5A /* MessageUI.framework */; };
		CF48A4041CA9510E008A7E5A /* OpenGLES.framework in Frameworks */ = {isa = PBXBuildFile; fileRef = CF48A4031CA9510E008A7E5A /* OpenGLES.framework */; };
		CF48A4061CA95120008A7E5A /* QuartzCore.framework in Frameworks */ = {isa = PBXBuildFile; fileRef = CF48A4051CA95120008A7E5A /* QuartzCore.framework */; };
		CF48A4081CA95135008A7E5A /* StoreKit.framework in Frameworks */ = {isa = PBXBuildFile; fileRef = CF48A4071CA95135008A7E5A /* StoreKit.framework */; };
		CF48A40B1CA964FD008A7E5A /* libc++.tbd in Frameworks */ = {isa = PBXBuildFile; fileRef = CF48A40A1CA964FD008A7E5A /* libc++.tbd */; };
		CF5129691CA8F70C008203E4 /* Const.swift in Sources */ = {isa = PBXBuildFile; fileRef = CF5129681CA8F70C008203E4 /* Const.swift */; };
		CF686A9A1CAF741D0067E2C2 /* CommentViewController.swift in Sources */ = {isa = PBXBuildFile; fileRef = CF686A991CAF741D0067E2C2 /* CommentViewController.swift */; };
		CF6913431CAA34BF0048101E /* PostData.swift in Sources */ = {isa = PBXBuildFile; fileRef = CF6913421CAA34BF0048101E /* PostData.swift */; };
		CFAF269E1CAB3B7800AC64A4 /* PostTableViewCell.swift in Sources */ = {isa = PBXBuildFile; fileRef = CFAF269C1CAB3B7800AC64A4 /* PostTableViewCell.swift */; };
		CFAF269F1CAB3B7800AC64A4 /* PostTableViewCell.xib in Resources */ = {isa = PBXBuildFile; fileRef = CFAF269D1CAB3B7800AC64A4 /* PostTableViewCell.xib */; };
		CFFEEA5E1CA82DA0002B6A42 /* AppDelegate.swift in Sources */ = {isa = PBXBuildFile; fileRef = CFFEEA5D1CA82DA0002B6A42 /* AppDelegate.swift */; };
		CFFEEA601CA82DA0002B6A42 /* ViewController.swift in Sources */ = {isa = PBXBuildFile; fileRef = CFFEEA5F1CA82DA0002B6A42 /* ViewController.swift */; };
		CFFEEA631CA82DA0002B6A42 /* Main.storyboard in Resources */ = {isa = PBXBuildFile; fileRef = CFFEEA611CA82DA0002B6A42 /* Main.storyboard */; };
		CFFEEA651CA82DA0002B6A42 /* Assets.xcassets in Resources */ = {isa = PBXBuildFile; fileRef = CFFEEA641CA82DA0002B6A42 /* Assets.xcassets */; };
		CFFEEA681CA82DA0002B6A42 /* LaunchScreen.storyboard in Resources */ = {isa = PBXBuildFile; fileRef = CFFEEA661CA82DA0002B6A42 /* LaunchScreen.storyboard */; };
		E23252B2A8712250DE238D12 /* Pods_Instagram.framework in Frameworks */ = {isa = PBXBuildFile; fileRef = 7FEF23F30FEAEDC79264398A /* Pods_Instagram.framework */; };
/* End PBXBuildFile section */

/* Begin PBXFileReference section */
		1D9B0B45E0C52B1F718806C3 /* Pods-Instagram.debug.xcconfig */ = {isa = PBXFileReference; includeInIndex = 1; lastKnownFileType = text.xcconfig; name = "Pods-Instagram.debug.xcconfig"; path = "Pods/Target Support Files/Pods-Instagram/Pods-Instagram.debug.xcconfig"; sourceTree = "<group>"; };
		5BA36A44787E2A35DA1212B8 /* Pods-Instagram.release.xcconfig */ = {isa = PBXFileReference; includeInIndex = 1; lastKnownFileType = text.xcconfig; name = "Pods-Instagram.release.xcconfig"; path = "Pods/Target Support Files/Pods-Instagram/Pods-Instagram.release.xcconfig"; sourceTree = "<group>"; };
		7FEF23F30FEAEDC79264398A /* Pods_Instagram.framework */ = {isa = PBXFileReference; explicitFileType = wrapper.framework; includeInIndex = 0; path = Pods_Instagram.framework; sourceTree = BUILT_PRODUCTS_DIR; };
		CF22038B1CA8A58C00A1E238 /* HomeViewController.swift */ = {isa = PBXFileReference; fileEncoding = 4; lastKnownFileType = sourcecode.swift; path = HomeViewController.swift; sourceTree = "<group>"; };
		CF22038D1CA8A6A000A1E238 /* LoginViewController.swift */ = {isa = PBXFileReference; fileEncoding = 4; lastKnownFileType = sourcecode.swift; path = LoginViewController.swift; sourceTree = "<group>"; };
		CF22038F1CA8A71F00A1E238 /* ImageSelectViewController.swift */ = {isa = PBXFileReference; fileEncoding = 4; lastKnownFileType = sourcecode.swift; path = ImageSelectViewController.swift; sourceTree = "<group>"; };
		CF2203911CA8A76300A1E238 /* PostViewController.swift */ = {isa = PBXFileReference; fileEncoding = 4; lastKnownFileType = sourcecode.swift; path = PostViewController.swift; sourceTree = "<group>"; };
		CF2203931CA8A7AD00A1E238 /* SettingViewController.swift */ = {isa = PBXFileReference; fileEncoding = 4; lastKnownFileType = sourcecode.swift; path = SettingViewController.swift; sourceTree = "<group>"; };
		CF48A3E91CA94D1B008A7E5A /* AdobeCreativeSDKCore.framework */ = {isa = PBXFileReference; lastKnownFileType = wrapper.framework; path = AdobeCreativeSDKCore.framework; sourceTree = "<group>"; };
		CF48A3EA1CA94D1B008A7E5A /* AdobeCreativeSDKImage.framework */ = {isa = PBXFileReference; lastKnownFileType = wrapper.framework; path = AdobeCreativeSDKImage.framework; sourceTree = "<group>"; };
		CF48A3ED1CA94E8E008A7E5A /* AdobeCreativeSDKCoreResources.bundle */ = {isa = PBXFileReference; lastKnownFileType = "wrapper.plug-in"; path = AdobeCreativeSDKCoreResources.bundle; sourceTree = "<group>"; };
		CF48A3EF1CA94EC3008A7E5A /* AdobeCreativeSDKImageResources.bundle */ = {isa = PBXFileReference; lastKnownFileType = "wrapper.plug-in"; name = AdobeCreativeSDKImageResources.bundle; path = AdobeCreativeSDKCoreResources.bundle/AdobeCreativeSDKImageResources.bundle; sourceTree = "<group>"; };
		CF48A3F11CA94FF6008A7E5A /* libc.tbd */ = {isa = PBXFileReference; lastKnownFileType = "sourcecode.text-based-dylib-definition"; name = libc.tbd; path = usr/lib/libc.tbd; sourceTree = SDKROOT; };
		CF48A3F31CA9504A008A7E5A /* libz.tbd */ = {isa = PBXFileReference; lastKnownFileType = "sourcecode.text-based-dylib-definition"; name = libz.tbd; path = usr/lib/libz.tbd; sourceTree = SDKROOT; };
		CF48A3F51CA95066008A7E5A /* libz.1.2.5.tbd */ = {isa = PBXFileReference; lastKnownFileType = "sourcecode.text-based-dylib-definition"; name = libz.1.2.5.tbd; path = usr/lib/libz.1.2.5.tbd; sourceTree = SDKROOT; };
		CF48A3F71CA95091008A7E5A /* libsqlite3.0.tbd */ = {isa = PBXFileReference; lastKnownFileType = "sourcecode.text-based-dylib-definition"; name = libsqlite3.0.tbd; path = usr/lib/libsqlite3.0.tbd; sourceTree = SDKROOT; };
		CF48A3F91CA950AE008A7E5A /* MobileCoreServices.framework */ = {isa = PBXFileReference; lastKnownFileType = wrapper.framework; name = MobileCoreServices.framework; path = System/Library/Frameworks/MobileCoreServices.framework; sourceTree = SDKROOT; };
		CF48A3FB1CA950BF008A7E5A /* SystemConfiguration.framework */ = {isa = PBXFileReference; lastKnownFileType = wrapper.framework; name = SystemConfiguration.framework; path = System/Library/Frameworks/SystemConfiguration.framework; sourceTree = SDKROOT; };
		CF48A3FD1CA950D1008A7E5A /* Accelerate.framework */ = {isa = PBXFileReference; lastKnownFileType = wrapper.framework; name = Accelerate.framework; path = System/Library/Frameworks/Accelerate.framework; sourceTree = SDKROOT; };
		CF48A3FF1CA950E0008A7E5A /* CoreData.framework */ = {isa = PBXFileReference; lastKnownFileType = wrapper.framework; name = CoreData.framework; path = System/Library/Frameworks/CoreData.framework; sourceTree = SDKROOT; };
		CF48A4011CA950F3008A7E5A /* MessageUI.framework */ = {isa = PBXFileReference; lastKnownFileType = wrapper.framework; name = MessageUI.framework; path = System/Library/Frameworks/MessageUI.framework; sourceTree = SDKROOT; };
		CF48A4031CA9510E008A7E5A /* OpenGLES.framework */ = {isa = PBXFileReference; lastKnownFileType = wrapper.framework; name = OpenGLES.framework; path = System/Library/Frameworks/OpenGLES.framework; sourceTree = SDKROOT; };
		CF48A4051CA95120008A7E5A /* QuartzCore.framework */ = {isa = PBXFileReference; lastKnownFileType = wrapper.framework; name = QuartzCore.framework; path = System/Library/Frameworks/QuartzCore.framework; sourceTree = SDKROOT; };
		CF48A4071CA95135008A7E5A /* StoreKit.framework */ = {isa = PBXFileReference; lastKnownFileType = wrapper.framework; name = StoreKit.framework; path = System/Library/Frameworks/StoreKit.framework; sourceTree = SDKROOT; };
		CF48A4091CA95333008A7E5A /* Instagram-Bridging-Header.h */ = {isa = PBXFileReference; lastKnownFileType = sourcecode.c.h; name = "Instagram-Bridging-Header.h"; path = "Instagram/Instagram-Bridging-Header.h"; sourceTree = "<group>"; };
		CF48A40A1CA964FD008A7E5A /* libc++.tbd */ = {isa = PBXFileReference; lastKnownFileType = "sourcecode.text-based-dylib-definition"; name = "libc++.tbd"; path = "usr/lib/libc++.tbd"; sourceTree = SDKROOT; };
		CF5129681CA8F70C008203E4 /* Const.swift */ = {isa = PBXFileReference; fileEncoding = 4; lastKnownFileType = sourcecode.swift; path = Const.swift; sourceTree = "<group>"; };
		CF686A991CAF741D0067E2C2 /* CommentViewController.swift */ = {isa = PBXFileReference; fileEncoding = 4; lastKnownFileType = sourcecode.swift; path = CommentViewController.swift; sourceTree = "<group>"; };
		CF6913421CAA34BF0048101E /* PostData.swift */ = {isa = PBXFileReference; fileEncoding = 4; lastKnownFileType = sourcecode.swift; path = PostData.swift; sourceTree = "<group>"; };
		CFAF269C1CAB3B7800AC64A4 /* PostTableViewCell.swift */ = {isa = PBXFileReference; fileEncoding = 4; lastKnownFileType = sourcecode.swift; path = PostTableViewCell.swift; sourceTree = "<group>"; };
		CFAF269D1CAB3B7800AC64A4 /* PostTableViewCell.xib */ = {isa = PBXFileReference; fileEncoding = 4; lastKnownFileType = file.xib; path = PostTableViewCell.xib; sourceTree = "<group>"; };
		CFFEEA5A1CA82DA0002B6A42 /* Instagram.app */ = {isa = PBXFileReference; explicitFileType = wrapper.application; includeInIndex = 0; path = Instagram.app; sourceTree = BUILT_PRODUCTS_DIR; };
		CFFEEA5D1CA82DA0002B6A42 /* AppDelegate.swift */ = {isa = PBXFileReference; lastKnownFileType = sourcecode.swift; path = AppDelegate.swift; sourceTree = "<group>"; };
		CFFEEA5F1CA82DA0002B6A42 /* ViewController.swift */ = {isa = PBXFileReference; lastKnownFileType = sourcecode.swift; path = ViewController.swift; sourceTree = "<group>"; };
		CFFEEA621CA82DA0002B6A42 /* Base */ = {isa = PBXFileReference; lastKnownFileType = file.storyboard; name = Base; path = Base.lproj/Main.storyboard; sourceTree = "<group>"; };
		CFFEEA641CA82DA0002B6A42 /* Assets.xcassets */ = {isa = PBXFileReference; lastKnownFileType = folder.assetcatalog; path = Assets.xcassets; sourceTree = "<group>"; };
		CFFEEA671CA82DA0002B6A42 /* Base */ = {isa = PBXFileReference; lastKnownFileType = file.storyboard; name = Base; path = Base.lproj/LaunchScreen.storyboard; sourceTree = "<group>"; };
		CFFEEA691CA82DA0002B6A42 /* Info.plist */ = {isa = PBXFileReference; lastKnownFileType = text.plist.xml; path = Info.plist; sourceTree = "<group>"; };
/* End PBXFileReference section */

/* Begin PBXFrameworksBuildPhase section */
		CFFEEA571CA82DA0002B6A42 /* Frameworks */ = {
			isa = PBXFrameworksBuildPhase;
			buildActionMask = 2147483647;
			files = (
				CF48A40B1CA964FD008A7E5A /* libc++.tbd in Frameworks */,
				CF48A4081CA95135008A7E5A /* StoreKit.framework in Frameworks */,
				CF48A4061CA95120008A7E5A /* QuartzCore.framework in Frameworks */,
				CF48A4041CA9510E008A7E5A /* OpenGLES.framework in Frameworks */,
				CF48A4021CA950F3008A7E5A /* MessageUI.framework in Frameworks */,
				CF48A4001CA950E0008A7E5A /* CoreData.framework in Frameworks */,
				CF48A3FE1CA950D1008A7E5A /* Accelerate.framework in Frameworks */,
				CF48A3FC1CA950BF008A7E5A /* SystemConfiguration.framework in Frameworks */,
				CF48A3FA1CA950AE008A7E5A /* MobileCoreServices.framework in Frameworks */,
				CF48A3F81CA95091008A7E5A /* libsqlite3.0.tbd in Frameworks */,
				CF48A3F61CA95066008A7E5A /* libz.1.2.5.tbd in Frameworks */,
				CF48A3F41CA9504A008A7E5A /* libz.tbd in Frameworks */,
				E23252B2A8712250DE238D12 /* Pods_Instagram.framework in Frameworks */,
				CF48A3EC1CA94D1B008A7E5A /* AdobeCreativeSDKImage.framework in Frameworks */,
				CF48A3EB1CA94D1B008A7E5A /* AdobeCreativeSDKCore.framework in Frameworks */,
			);
			runOnlyForDeploymentPostprocessing = 0;
		};
/* End PBXFrameworksBuildPhase section */

/* Begin PBXGroup section */
		882D4987BEF3086AA74E7004 /* Frameworks */ = {
			isa = PBXGroup;
			children = (
				CF48A40A1CA964FD008A7E5A /* libc++.tbd */,
				CF48A4071CA95135008A7E5A /* StoreKit.framework */,
				CF48A4051CA95120008A7E5A /* QuartzCore.framework */,
				CF48A4031CA9510E008A7E5A /* OpenGLES.framework */,
				CF48A4011CA950F3008A7E5A /* MessageUI.framework */,
				CF48A3FF1CA950E0008A7E5A /* CoreData.framework */,
				CF48A3FD1CA950D1008A7E5A /* Accelerate.framework */,
				CF48A3FB1CA950BF008A7E5A /* SystemConfiguration.framework */,
				CF48A3F91CA950AE008A7E5A /* MobileCoreServices.framework */,
				CF48A3F71CA95091008A7E5A /* libsqlite3.0.tbd */,
				CF48A3F51CA95066008A7E5A /* libz.1.2.5.tbd */,
				CF48A3F31CA9504A008A7E5A /* libz.tbd */,
				CF48A3F11CA94FF6008A7E5A /* libc.tbd */,
				7FEF23F30FEAEDC79264398A /* Pods_Instagram.framework */,
			);
			name = Frameworks;
			sourceTree = "<group>";
		};
		CFFEEA511CA82DA0002B6A42 = {
			isa = PBXGroup;
			children = (
				CF48A4091CA95333008A7E5A /* Instagram-Bridging-Header.h */,
				CFFEEA5C1CA82DA0002B6A42 /* Instagram */,
				CFFEEA5B1CA82DA0002B6A42 /* Products */,
				F9033D7FC736AC5F811130C2 /* Pods */,
				882D4987BEF3086AA74E7004 /* Frameworks */,
			);
			sourceTree = "<group>";
		};
		CFFEEA5B1CA82DA0002B6A42 /* Products */ = {
			isa = PBXGroup;
			children = (
				CFFEEA5A1CA82DA0002B6A42 /* Instagram.app */,
			);
			name = Products;
			sourceTree = "<group>";
		};
		CFFEEA5C1CA82DA0002B6A42 /* Instagram */ = {
			isa = PBXGroup;
			children = (
				CF48A3EF1CA94EC3008A7E5A /* AdobeCreativeSDKImageResources.bundle */,
				CF48A3ED1CA94E8E008A7E5A /* AdobeCreativeSDKCoreResources.bundle */,
				CF48A3E91CA94D1B008A7E5A /* AdobeCreativeSDKCore.framework */,
				CF48A3EA1CA94D1B008A7E5A /* AdobeCreativeSDKImage.framework */,
				CF22038B1CA8A58C00A1E238 /* HomeViewController.swift */,
				CFFEEA5D1CA82DA0002B6A42 /* AppDelegate.swift */,
				CFFEEA5F1CA82DA0002B6A42 /* ViewController.swift */,
				CF5129681CA8F70C008203E4 /* Const.swift */,
				CFFEEA611CA82DA0002B6A42 /* Main.storyboard */,
				CF686A991CAF741D0067E2C2 /* CommentViewController.swift */,
				CF6913421CAA34BF0048101E /* PostData.swift */,
				CFFEEA641CA82DA0002B6A42 /* Assets.xcassets */,
				CFFEEA661CA82DA0002B6A42 /* LaunchScreen.storyboard */,
				CFFEEA691CA82DA0002B6A42 /* Info.plist */,
				CF22038D1CA8A6A000A1E238 /* LoginViewController.swift */,
				CF22038F1CA8A71F00A1E238 /* ImageSelectViewController.swift */,
				CF2203911CA8A76300A1E238 /* PostViewController.swift */,
				CF2203931CA8A7AD00A1E238 /* SettingViewController.swift */,
				CFAF269C1CAB3B7800AC64A4 /* PostTableViewCell.swift */,
				CFAF269D1CAB3B7800AC64A4 /* PostTableViewCell.xib */,
			);
			path = Instagram;
			sourceTree = "<group>";
		};
		F9033D7FC736AC5F811130C2 /* Pods */ = {
			isa = PBXGroup;
			children = (
				1D9B0B45E0C52B1F718806C3 /* Pods-Instagram.debug.xcconfig */,
				5BA36A44787E2A35DA1212B8 /* Pods-Instagram.release.xcconfig */,
			);
			name = Pods;
			sourceTree = "<group>";
		};
/* End PBXGroup section */

/* Begin PBXNativeTarget section */
		CFFEEA591CA82DA0002B6A42 /* Instagram */ = {
			isa = PBXNativeTarget;
			buildConfigurationList = CFFEEA6C1CA82DA0002B6A42 /* Build configuration list for PBXNativeTarget "Instagram" */;
			buildPhases = (
				6E42F779A24CB19EE846C9D5 /* Check Pods Manifest.lock */,
				CFFEEA561CA82DA0002B6A42 /* Sources */,
				CFFEEA571CA82DA0002B6A42 /* Frameworks */,
				CFFEEA581CA82DA0002B6A42 /* Resources */,
				120587BD92094C8344629C71 /* Embed Pods Frameworks */,
				C93F1F5C28082950E571B55E /* Copy Pods Resources */,
			);
			buildRules = (
			);
			dependencies = (
			);
			name = Instagram;
			productName = Instagram;
			productReference = CFFEEA5A1CA82DA0002B6A42 /* Instagram.app */;
			productType = "com.apple.product-type.application";
		};
/* End PBXNativeTarget section */

/* Begin PBXProject section */
		CFFEEA521CA82DA0002B6A42 /* Project object */ = {
			isa = PBXProject;
			attributes = {
				LastSwiftUpdateCheck = 0720;
				LastUpgradeCheck = 0720;
				ORGANIZATIONNAME = shunichi.tanaka;
				TargetAttributes = {
					CFFEEA591CA82DA0002B6A42 = {
						CreatedOnToolsVersion = 7.2.1;
					};
				};
			};
			buildConfigurationList = CFFEEA551CA82DA0002B6A42 /* Build configuration list for PBXProject "Instagram" */;
			compatibilityVersion = "Xcode 3.2";
			developmentRegion = English;
			hasScannedForEncodings = 0;
			knownRegions = (
				en,
				Base,
			);
			mainGroup = CFFEEA511CA82DA0002B6A42;
			productRefGroup = CFFEEA5B1CA82DA0002B6A42 /* Products */;
			projectDirPath = "";
			projectRoot = "";
			targets = (
				CFFEEA591CA82DA0002B6A42 /* Instagram */,
			);
		};
/* End PBXProject section */

/* Begin PBXResourcesBuildPhase section */
		CFFEEA581CA82DA0002B6A42 /* Resources */ = {
			isa = PBXResourcesBuildPhase;
			buildActionMask = 2147483647;
			files = (
				CF48A3EE1CA94E8E008A7E5A /* AdobeCreativeSDKCoreResources.bundle in Resources */,
				CFFEEA681CA82DA0002B6A42 /* LaunchScreen.storyboard in Resources */,
				CFFEEA651CA82DA0002B6A42 /* Assets.xcassets in Resources */,
				CFAF269F1CAB3B7800AC64A4 /* PostTableViewCell.xib in Resources */,
				CF48A3F01CA94EC3008A7E5A /* AdobeCreativeSDKImageResources.bundle in Resources */,
				CFFEEA631CA82DA0002B6A42 /* Main.storyboard in Resources */,
			);
			runOnlyForDeploymentPostprocessing = 0;
		};
/* End PBXResourcesBuildPhase section */

/* Begin PBXShellScriptBuildPhase section */
		120587BD92094C8344629C71 /* Embed Pods Frameworks */ = {
			isa = PBXShellScriptBuildPhase;
			buildActionMask = 2147483647;
			files = (
			);
			inputPaths = (
			);
			name = "Embed Pods Frameworks";
			outputPaths = (
			);
			runOnlyForDeploymentPostprocessing = 0;
			shellPath = /bin/sh;
			shellScript = "\"${SRCROOT}/Pods/Target Support Files/Pods-Instagram/Pods-Instagram-frameworks.sh\"\n";
			showEnvVarsInLog = 0;
		};
		6E42F779A24CB19EE846C9D5 /* Check Pods Manifest.lock */ = {
			isa = PBXShellScriptBuildPhase;
			buildActionMask = 2147483647;
			files = (
			);
			inputPaths = (
			);
			name = "Check Pods Manifest.lock";
			outputPaths = (
			);
			runOnlyForDeploymentPostprocessing = 0;
			shellPath = /bin/sh;
			shellScript = "diff \"${PODS_ROOT}/../Podfile.lock\" \"${PODS_ROOT}/Manifest.lock\" > /dev/null\nif [[ $? != 0 ]] ; then\n    cat << EOM\nerror: The sandbox is not in sync with the Podfile.lock. Run 'pod install' or update your CocoaPods installation.\nEOM\n    exit 1\nfi\n";
			showEnvVarsInLog = 0;
		};
		C93F1F5C28082950E571B55E /* Copy Pods Resources */ = {
			isa = PBXShellScriptBuildPhase;
			buildActionMask = 2147483647;
			files = (
			);
			inputPaths = (
			);
			name = "Copy Pods Resources";
			outputPaths = (
			);
			runOnlyForDeploymentPostprocessing = 0;
			shellPath = /bin/sh;
			shellScript = "\"${SRCROOT}/Pods/Target Support Files/Pods-Instagram/Pods-Instagram-resources.sh\"\n";
			showEnvVarsInLog = 0;
		};
/* End PBXShellScriptBuildPhase section */

/* Begin PBXSourcesBuildPhase section */
		CFFEEA561CA82DA0002B6A42 /* Sources */ = {
			isa = PBXSourcesBuildPhase;
			buildActionMask = 2147483647;
			files = (
				CFAF269E1CAB3B7800AC64A4 /* PostTableViewCell.swift in Sources */,
				CF2203921CA8A76300A1E238 /* PostViewController.swift in Sources */,
				CF6913431CAA34BF0048101E /* PostData.swift in Sources */,
				CF22038E1CA8A6A000A1E238 /* LoginViewController.swift in Sources */,
				CFFEEA601CA82DA0002B6A42 /* ViewController.swift in Sources */,
				CFFEEA5E1CA82DA0002B6A42 /* AppDelegate.swift in Sources */,
				CF2203901CA8A71F00A1E238 /* ImageSelectViewController.swift in Sources */,
				CF5129691CA8F70C008203E4 /* Const.swift in Sources */,
				CF2203941CA8A7AD00A1E238 /* SettingViewController.swift in Sources */,
				CF22038C1CA8A58C00A1E238 /* HomeViewController.swift in Sources */,
				CF686A9A1CAF741D0067E2C2 /* CommentViewController.swift in Sources */,
			);
			runOnlyForDeploymentPostprocessing = 0;
		};
/* End PBXSourcesBuildPhase section */

/* Begin PBXVariantGroup section */
		CFFEEA611CA82DA0002B6A42 /* Main.storyboard */ = {
			isa = PBXVariantGroup;
			children = (
				CFFEEA621CA82DA0002B6A42 /* Base */,
			);
			name = Main.storyboard;
			sourceTree = "<group>";
		};
		CFFEEA661CA82DA0002B6A42 /* LaunchScreen.storyboard */ = {
			isa = PBXVariantGroup;
			children = (
				CFFEEA671CA82DA0002B6A42 /* Base */,
			);
			name = LaunchScreen.storyboard;
			sourceTree = "<group>";
		};
/* End PBXVariantGroup section */

/* Begin XCBuildConfiguration section */
		CFFEEA6A1CA82DA0002B6A42 /* Debug */ = {
			isa = XCBuildConfiguration;
			buildSettings = {
				ALWAYS_SEARCH_USER_PATHS = NO;
				CLANG_CXX_LANGUAGE_STANDARD = "gnu++0x";
				CLANG_CXX_LIBRARY = "libc++";
				CLANG_ENABLE_MODULES = YES;
				CLANG_ENABLE_OBJC_ARC = YES;
				CLANG_WARN_BOOL_CONVERSION = YES;
				CLANG_WARN_CONSTANT_CONVERSION = YES;
				CLANG_WARN_DIRECT_OBJC_ISA_USAGE = YES_ERROR;
				CLANG_WARN_EMPTY_BODY = YES;
				CLANG_WARN_ENUM_CONVERSION = YES;
				CLANG_WARN_INT_CONVERSION = YES;
				CLANG_WARN_OBJC_ROOT_CLASS = YES_ERROR;
				CLANG_WARN_UNREACHABLE_CODE = YES;
				CLANG_WARN__DUPLICATE_METHOD_MATCH = YES;
				"CODE_SIGN_IDENTITY[sdk=iphoneos*]" = "iPhone Developer";
				COPY_PHASE_STRIP = NO;
				DEBUG_INFORMATION_FORMAT = dwarf;
				ENABLE_STRICT_OBJC_MSGSEND = YES;
				ENABLE_TESTABILITY = YES;
				GCC_C_LANGUAGE_STANDARD = gnu99;
				GCC_DYNAMIC_NO_PIC = NO;
				GCC_NO_COMMON_BLOCKS = YES;
				GCC_OPTIMIZATION_LEVEL = 0;
				GCC_PREPROCESSOR_DEFINITIONS = (
					"DEBUG=1",
					"$(inherited)",
				);
				GCC_WARN_64_TO_32_BIT_CONVERSION = YES;
				GCC_WARN_ABOUT_RETURN_TYPE = YES_ERROR;
				GCC_WARN_UNDECLARED_SELECTOR = YES;
				GCC_WARN_UNINITIALIZED_AUTOS = YES_AGGRESSIVE;
				GCC_WARN_UNUSED_FUNCTION = YES;
				GCC_WARN_UNUSED_VARIABLE = YES;
				IPHONEOS_DEPLOYMENT_TARGET = 9.2;
				MTL_ENABLE_DEBUG_INFO = YES;
				ONLY_ACTIVE_ARCH = YES;
				SDKROOT = iphoneos;
				SWIFT_OPTIMIZATION_LEVEL = "-Onone";
			};
			name = Debug;
		};
		CFFEEA6B1CA82DA0002B6A42 /* Release */ = {
			isa = XCBuildConfiguration;
			buildSettings = {
				ALWAYS_SEARCH_USER_PATHS = NO;
				CLANG_CXX_LANGUAGE_STANDARD = "gnu++0x";
				CLANG_CXX_LIBRARY = "libc++";
				CLANG_ENABLE_MODULES = YES;
				CLANG_ENABLE_OBJC_ARC = YES;
				CLANG_WARN_BOOL_CONVERSION = YES;
				CLANG_WARN_CONSTANT_CONVERSION = YES;
				CLANG_WARN_DIRECT_OBJC_ISA_USAGE = YES_ERROR;
				CLANG_WARN_EMPTY_BODY = YES;
				CLANG_WARN_ENUM_CONVERSION = YES;
				CLANG_WARN_INT_CONVERSION = YES;
				CLANG_WARN_OBJC_ROOT_CLASS = YES_ERROR;
				CLANG_WARN_UNREACHABLE_CODE = YES;
				CLANG_WARN__DUPLICATE_METHOD_MATCH = YES;
				"CODE_SIGN_IDENTITY[sdk=iphoneos*]" = "iPhone Developer";
				COPY_PHASE_STRIP = NO;
				DEBUG_INFORMATION_FORMAT = "dwarf-with-dsym";
				ENABLE_NS_ASSERTIONS = NO;
				ENABLE_STRICT_OBJC_MSGSEND = YES;
				GCC_C_LANGUAGE_STANDARD = gnu99;
				GCC_NO_COMMON_BLOCKS = YES;
				GCC_WARN_64_TO_32_BIT_CONVERSION = YES;
				GCC_WARN_ABOUT_RETURN_TYPE = YES_ERROR;
				GCC_WARN_UNDECLARED_SELECTOR = YES;
				GCC_WARN_UNINITIALIZED_AUTOS = YES_AGGRESSIVE;
				GCC_WARN_UNUSED_FUNCTION = YES;
				GCC_WARN_UNUSED_VARIABLE = YES;
				IPHONEOS_DEPLOYMENT_TARGET = 9.2;
				MTL_ENABLE_DEBUG_INFO = NO;
				SDKROOT = iphoneos;
				VALIDATE_PRODUCT = YES;
			};
			name = Release;
		};
		CFFEEA6D1CA82DA0002B6A42 /* Debug */ = {
			isa = XCBuildConfiguration;
			baseConfigurationReference = 1D9B0B45E0C52B1F718806C3 /* Pods-Instagram.debug.xcconfig */;
			buildSettings = {
				ASSETCATALOG_COMPILER_APPICON_NAME = AppIcon;
				FRAMEWORK_SEARCH_PATHS = (
					"$(inherited)",
					"$(PROJECT_DIR)/Instagram",
				);
				INFOPLIST_FILE = Instagram/Info.plist;
				LD_RUNPATH_SEARCH_PATHS = "$(inherited) @executable_path/Frameworks";
				OTHER_LDFLAGS = (
					"$(inherited)",
					"-all_load",
					"-ObjC",
					"-framework",
					"\"ESTabBarController\"",
					"-framework",
					"\"Firebase\"",
					"-framework",
					"\"SVProgressHUD\"",
				);
				PRODUCT_BUNDLE_IDENTIFIER = jp.techacademy.shunichi.tanaka.Instagram;
				PRODUCT_NAME = "$(TARGET_NAME)";
				SWIFT_OBJC_BRIDGING_HEADER = "Instagram/Instagram-Bridging-Header.h";
			};
			name = Debug;
		};
		CFFEEA6E1CA82DA0002B6A42 /* Release */ = {
			isa = XCBuildConfiguration;
			baseConfigurationReference = 5BA36A44787E2A35DA1212B8 /* Pods-Instagram.release.xcconfig */;
			buildSettings = {
				ASSETCATALOG_COMPILER_APPICON_NAME = AppIcon;
				FRAMEWORK_SEARCH_PATHS = (
					"$(inherited)",
					"$(PROJECT_DIR)/Instagram",
				);
				INFOPLIST_FILE = Instagram/Info.plist;
				LD_RUNPATH_SEARCH_PATHS = "$(inherited) @executable_path/Frameworks";
				OTHER_LDFLAGS = (
					"$(inherited)",
					"-all_load",
					"-ObjC",
					"-framework",
					"\"ESTabBarController\"",
					"-framework",
					"\"Firebase\"",
					"-framework",
					"\"SVProgressHUD\"",
				);
				PRODUCT_BUNDLE_IDENTIFIER = jp.techacademy.shunichi.tanaka.Instagram;
				PRODUCT_NAME = "$(TARGET_NAME)";
				SWIFT_OBJC_BRIDGING_HEADER = "Instagram/Instagram-Bridging-Header.h";
			};
			name = Release;
		};
/* End XCBuildConfiguration section */

/* Begin XCConfigurationList section */
		CFFEEA551CA82DA0002B6A42 /* Build configuration list for PBXProject "Instagram" */ = {
			isa = XCConfigurationList;
			buildConfigurations = (
				CFFEEA6A1CA82DA0002B6A42 /* Debug */,
				CFFEEA6B1CA82DA0002B6A42 /* Release */,
			);
			defaultConfigurationIsVisible = 0;
			defaultConfigurationName = Release;
		};
		CFFEEA6C1CA82DA0002B6A42 /* Build configuration list for PBXNativeTarget "Instagram" */ = {
			isa = XCConfigurationList;
			buildConfigurations = (
				CFFEEA6D1CA82DA0002B6A42 /* Debug */,
				CFFEEA6E1CA82DA0002B6A42 /* Release */,
			);
			defaultConfigurationIsVisible = 0;
			defaultConfigurationName = Release;
		};
/* End XCConfigurationList section */
	};
	rootObject = CFFEEA521CA82DA0002B6A42 /* Project object */;
}
